{
  "name": "plop-prettier",
  "version": "1.0.0",
  "lockfileVersion": 1,
  "requires": true,
  "dependencies": {
    "@types/babel-types": {
      "version": "6.25.1",
      "resolved": "https://registry.npmjs.org/@types/babel-types/-/babel-types-6.25.1.tgz",
      "integrity": "sha512-7Z6r20+HE0viAFhsW0d/UrC1K2tTlpXzGpNlYm8MmCv8z5PbAacFIshrM/MjlGRa5SBqxu2socpy8FHntwZKng=="
    },
    "@types/node": {
      "version": "8.0.27",
      "resolved": "https://registry.npmjs.org/@types/node/-/node-8.0.27.tgz",
      "integrity": "sha512-MiOd5TB6ftlOw6gLY3XdF0s/9YoTo172A6qGzi5I1SJy2dRZqg/LAHGTJMm1XFWx7kuYkbVW0sp/z3OP7VnkjQ==",
      "dev": true
    },
    "@types/prettier": {
      "version": "1.6.1",
      "resolved": "https://registry.npmjs.org/@types/prettier/-/prettier-1.6.1.tgz",
      "integrity": "sha512-K7Velxb9hB3D4ewRc4dGsNFpe1kf6T9NvGBBv68UGMY5ytAs99sUlyNd9YsfL0IVxRsVFwwv66t4UVVdpBEEXg==",
      "requires": {
        "@types/babel-types": "6.25.1"
      }
    },
    "prettier": {
      "version": "1.6.1",
      "resolved": "https://registry.npmjs.org/prettier/-/prettier-1.6.1.tgz",
      "integrity": "sha512-f85qBoQiqiFM/sCmJaN4Lagj9bqMcv38vCftqp4GfVessAqq3Ns6g+3gd8UXReStLLE/DGEdwiZXoFKxphKqwg=="
    },
    "typescript": {
      "version": "2.5.2",
      "resolved": "https://registry.npmjs.org/typescript/-/typescript-2.5.2.tgz",
      "integrity": "sha1-A4qV99m7tCCxvzW6MdTFwd0//jQ=",
      "dev": true
    }
  }
}
